
Microsoft Visual Studio Solution File, Format Version 12.00
# Visual Studio Version 17
VisualStudioVersion = 17.10.35027.167
MinimumVisualStudioVersion = 10.0.40219.1
Project("{9A19103F-16F7-4668-BE54-9A1E7A4F7556}") = "TerminalArgumentParser", "TerminalArgumentParser\TerminalArgumentParser.csproj", "{707C500E-A620-4F3C-8040-79430493CDD2}"
EndProject
Project("{FAE04EC0-301F-11D3-BF4B-00C04F79EFBC}") = "TerminalArgumentParser.Tests", "TerminalArgumentParser.Tests\TerminalArgumentParser.Tests.csproj", "{0C8AB356-B993-410B-89B8-EEC9AA5F6584}"
EndProject
Global
	GlobalSection(SolutionConfigurationPlatforms) = preSolution
		Debug|Any CPU = Debug|Any CPU
		Release|Any CPU = Release|Any CPU
	EndGlobalSection
	GlobalSection(ProjectConfigurationPlatforms) = postSolution
		{707C500E-A620-4F3C-8040-79430493CDD2}.Debug|Any CPU.ActiveCfg = Debug|Any CPU
		{707C500E-A620-4F3C-8040-79430493CDD2}.Debug|Any CPU.Build.0 = Debug|Any CPU
		{707C500E-A620-4F3C-8040-79430493CDD2}.Release|Any CPU.ActiveCfg = Release|Any CPU
		{707C500E-A620-4F3C-8040-79430493CDD2}.Release|Any CPU.Build.0 = Release|Any CPU
		{0C8AB356-B993-410B-89B8-EEC9AA5F6584}.Debug|Any CPU.ActiveCfg = Debug|Any CPU
		{0C8AB356-B993-410B-89B8-EEC9AA5F6584}.Debug|Any CPU.Build.0 = Debug|Any CPU
		{0C8AB356-B993-410B-89B8-EEC9AA5F6584}.Release|Any CPU.ActiveCfg = Release|Any CPU
		{0C8AB356-B993-410B-89B8-EEC9AA5F6584}.Release|Any CPU.Build.0 = Release|Any CPU
	EndGlobalSection
	GlobalSection(SolutionProperties) = preSolution
		HideSolutionNode = FALSE
	EndGlobalSection
	GlobalSection(ExtensibilityGlobals) = postSolution
		SolutionGuid = {95B21676-A196-49AF-A61D-83B70E87D865}
	EndGlobalSection
EndGlobal
